
Microsoft Visual Studio Solution File, Format Version 11.00
# Visual Studio 2010
Project("{FAE04EC0-301F-11D3-BF4B-00C04F79EFBC}") = "StringMatching", "StringMatching\StringMatching.csproj", "{1059BEF9-AD03-4D40-8966-B41E2B659037}"
EndProject
Global
	GlobalSection(SolutionConfigurationPlatforms) = preSolution
		Debug|x86 = Debug|x86
		Release|x86 = Release|x86
	EndGlobalSection
	GlobalSection(ProjectConfigurationPlatforms) = postSolution
		{1059BEF9-AD03-4D40-8966-B41E2B659037}.Debug|x86.ActiveCfg = Debug|x86
		{1059BEF9-AD03-4D40-8966-B41E2B659037}.Debug|x86.Build.0 = Debug|x86
		{1059BEF9-AD03-4D40-8966-B41E2B659037}.Release|x86.ActiveCfg = Release|x86
		{1059BEF9-AD03-4D40-8966-B41E2B659037}.Release|x86.Build.0 = Release|x86
	EndGlobalSection
	GlobalSection(SolutionProperties) = preSolution
		HideSolutionNode = FALSE
	EndGlobalSection
EndGlobal
